Microsoft Visual Studio Solution File, Format Version 11.00
# Visual Studio 2008

Project("{BBDB94E5-EE9E-9B35-E606-9A610201D9D0}") = "VRCave", "Assembly-CSharp-firstpass-vs.csproj", "{B4DE7263-F259-F95C-7A81-9D3D3EDB45D1}"
EndProject
Project("{BBDB94E5-EE9E-9B35-E606-9A610201D9D0}") = "VRCave", "Assembly-CSharp-vs.csproj", "{52FA276E-8A4B-C01E-3738-91BDF0606DCB}"
EndProject
Project("{BBDB94E5-EE9E-9B35-E606-9A610201D9D0}") = "VRCave", "Assembly-CSharp-Editor-vs.csproj", "{2D62B990-A642-B07C-FB41-3670673105E3}"
EndProject
Global
	GlobalSection(SolutionConfigurationPlatforms) = preSolution
		Debug|Any CPU = Debug|Any CPU
		Release|Any CPU = Release|Any CPU
	EndGlobalSection
	GlobalSection(ProjectConfigurationPlatforms) = postSolution
		{B4DE7263-F259-F95C-7A81-9D3D3EDB45D1}.Debug|Any CPU.ActiveCfg = Debug|Any CPU
		{B4DE7263-F259-F95C-7A81-9D3D3EDB45D1}.Debug|Any CPU.Build.0 = Debug|Any CPU
		{B4DE7263-F259-F95C-7A81-9D3D3EDB45D1}.Release|Any CPU.ActiveCfg = Release|Any CPU
		{B4DE7263-F259-F95C-7A81-9D3D3EDB45D1}.Release|Any CPU.Build.0 = Release|Any CPU
		{52FA276E-8A4B-C01E-3738-91BDF0606DCB}.Debug|Any CPU.ActiveCfg = Debug|Any CPU
		{52FA276E-8A4B-C01E-3738-91BDF0606DCB}.Debug|Any CPU.Build.0 = Debug|Any CPU
		{52FA276E-8A4B-C01E-3738-91BDF0606DCB}.Release|Any CPU.ActiveCfg = Release|Any CPU
		{52FA276E-8A4B-C01E-3738-91BDF0606DCB}.Release|Any CPU.Build.0 = Release|Any CPU
		{2D62B990-A642-B07C-FB41-3670673105E3}.Debug|Any CPU.ActiveCfg = Debug|Any CPU
		{2D62B990-A642-B07C-FB41-3670673105E3}.Debug|Any CPU.Build.0 = Debug|Any CPU
		{2D62B990-A642-B07C-FB41-3670673105E3}.Release|Any CPU.ActiveCfg = Release|Any CPU
		{2D62B990-A642-B07C-FB41-3670673105E3}.Release|Any CPU.Build.0 = Release|Any CPU
	EndGlobalSection
	GlobalSection(SolutionProperties) = preSolution
		HideSolutionNode = FALSE
	EndGlobalSection
																GlobalSection(MonoDevelopProperties) = preSolution
		StartupItem = Assembly-CSharp.csproj
		Policies = $0
		$0.TextStylePolicy = $1
		$1.inheritsSet = null
		$1.scope = text/x-csharp
		$0.CSharpFormattingPolicy = $2
		$2.inheritsSet = Mono
		$2.inheritsScope = text/x-csharp
		$2.scope = text/x-csharp
		$0.TextStylePolicy = $3
		$3.FileWidth = 120
		$3.TabWidth = 4
		$3.EolMarker = Unix
		$3.inheritsSet = Mono
		$3.inheritsScope = text/plain
		$3.scope = text/plain
	EndGlobalSection

EndGlobal
